
Microsoft Visual Studio Solution File, Format Version 12.00
# Visual Studio Version 16
VisualStudioVersion = 16.0.30104.148
MinimumVisualStudioVersion = 10.0.40219.1
Project("{FAE04EC0-301F-11D3-BF4B-00C04F79EFBC}") = "SkillsUpGraphQL", "SkillsUpGraphQL\SkillsUpGraphQL.csproj", "{C032321B-D21D-4A57-82B0-880D0211FACF}"
EndProject
Global
	GlobalSection(SolutionConfigurationPlatforms) = preSolution
		Debug|Any CPU = Debug|Any CPU
		Release|Any CPU = Release|Any CPU
	EndGlobalSection
	GlobalSection(ProjectConfigurationPlatforms) = postSolution
		{C032321B-D21D-4A57-82B0-880D0211FACF}.Debug|Any CPU.ActiveCfg = Debug|Any CPU
		{C032321B-D21D-4A57-82B0-880D0211FACF}.Debug|Any CPU.Build.0 = Debug|Any CPU
		{C032321B-D21D-4A57-82B0-880D0211FACF}.Release|Any CPU.ActiveCfg = Release|Any CPU
		{C032321B-D21D-4A57-82B0-880D0211FACF}.Release|Any CPU.Build.0 = Release|Any CPU
	EndGlobalSection
	GlobalSection(SolutionProperties) = preSolution
		HideSolutionNode = FALSE
	EndGlobalSection
	GlobalSection(ExtensibilityGlobals) = postSolution
		SolutionGuid = {53A1D4C9-D5D5-4E76-B952-315A9C3E266C}
	EndGlobalSection
EndGlobal
